
Microsoft Visual Studio Solution File, Format Version 12.00
# Visual Studio 15
VisualStudioVersion = 15.0.26430.6
MinimumVisualStudioVersion = 10.0.40219.1
Project("{F2A71F9B-5D33-465A-A702-920D77279786}") = "WebScrapping", "WebScrapping\WebScrapping.fsproj", "{A94DFE42-69F5-4902-B5C7-7B73070F7F66}"
EndProject
Global
	GlobalSection(SolutionConfigurationPlatforms) = preSolution
		Debug|Any CPU = Debug|Any CPU
		Release|Any CPU = Release|Any CPU
	EndGlobalSection
	GlobalSection(ProjectConfigurationPlatforms) = postSolution
		{A94DFE42-69F5-4902-B5C7-7B73070F7F66}.Debug|Any CPU.ActiveCfg = Debug|Any CPU
		{A94DFE42-69F5-4902-B5C7-7B73070F7F66}.Debug|Any CPU.Build.0 = Debug|Any CPU
		{A94DFE42-69F5-4902-B5C7-7B73070F7F66}.Release|Any CPU.ActiveCfg = Release|Any CPU
		{A94DFE42-69F5-4902-B5C7-7B73070F7F66}.Release|Any CPU.Build.0 = Release|Any CPU
	EndGlobalSection
	GlobalSection(SolutionProperties) = preSolution
		HideSolutionNode = FALSE
	EndGlobalSection
EndGlobal
